// !$*UTF8*$!
{
	archiveVersion = 1;
	classes = {
	};
	objectVersion = 46;
	objects = {

/* Begin PBXBuildFile section */
		6070F1F51CDBA7E800C944E4 /* AppDelegate.swift in Sources */ = {isa = PBXBuildFile; fileRef = 6070F1F41CDBA7E800C944E4 /* AppDelegate.swift */; };
		6070F1F71CDBA7E800C944E4 /* ViewController.swift in Sources */ = {isa = PBXBuildFile; fileRef = 6070F1F61CDBA7E800C944E4 /* ViewController.swift */; };
		6070F1FA1CDBA7E800C944E4 /* Main.storyboard in Resources */ = {isa = PBXBuildFile; fileRef = 6070F1F81CDBA7E800C944E4 /* Main.storyboard */; };
		6070F1FC1CDBA7E800C944E4 /* Assets.xcassets in Resources */ = {isa = PBXBuildFile; fileRef = 6070F1FB1CDBA7E800C944E4 /* Assets.xcassets */; };
		6070F1FF1CDBA7E800C944E4 /* LaunchScreen.storyboard in Resources */ = {isa = PBXBuildFile; fileRef = 6070F1FD1CDBA7E800C944E4 /* LaunchScreen.storyboard */; };
/* End PBXBuildFile section */

/* Begin PBXFileReference section */
		6070F1F11CDBA7E800C944E4 /* MyToDoList.app */ = {isa = PBXFileReference; explicitFileType = wrapper.application; includeInIndex = 0; path = MyToDoList.app; sourceTree = BUILT_PRODUCTS_DIR; };
		6070F1F41CDBA7E800C944E4 /* AppDelegate.swift */ = {isa = PBXFileReference; lastKnownFileType = sourcecode.swift; path = AppDelegate.swift; sourceTree = "<group>"; };
		6070F1F61CDBA7E800C944E4 /* ViewController.swift */ = {isa = PBXFileReference; lastKnownFileType = sourcecode.swift; path = ViewController.swift; sourceTree = "<group>"; };
		6070F1F91CDBA7E800C944E4 /* Base */ = {isa = PBXFileReference; lastKnownFileType = file.storyboard; name = Base; path = Base.lproj/Main.storyboard; sourceTree = "<group>"; };
		6070F1FB1CDBA7E800C944E4 /* Assets.xcassets */ = {isa = PBXFileReference; lastKnownFileType = folder.assetcatalog; path = Assets.xcassets; sourceTree = "<group>"; };
		6070F1FE1CDBA7E800C944E4 /* Base */ = {isa = PBXFileReference; lastKnownFileType = file.storyboard; name = Base; path = Base.lproj/LaunchScreen.storyboard; sourceTree = "<group>"; };
		6070F2001CDBA7E800C944E4 /* Info.plist */ = {isa = PBXFileReference; lastKnownFileType = text.plist.xml; path = Info.plist; sourceTree = "<group>"; };
/* End PBXFileReference section */

/* Begin PBXFrameworksBuildPhase section */
		6070F1EE1CDBA7E800C944E4 /* Frameworks */ = {
			isa = PBXFrameworksBuildPhase;
			buildActionMask = 2147483647;
			files = (
			);
			runOnlyForDeploymentPostprocessing = 0;
		};
/* End PBXFrameworksBuildPhase section */

/* Begin PBXGroup section */
		6070F1E81CDBA7E800C944E4 = {
			isa = PBXGroup;
			children = (
				6070F1F31CDBA7E800C944E4 /* MyToDoList */,
				6070F1F21CDBA7E800C944E4 /* Products */,
			);
			sourceTree = "<group>";
		};
		6070F1F21CDBA7E800C944E4 /* Products */ = {
			isa = PBXGroup;
			children = (
				6070F1F11CDBA7E800C944E4 /* MyToDoList.app */,
			);
			name = Products;
			sourceTree = "<group>";
		};
		6070F1F31CDBA7E800C944E4 /* MyToDoList */ = {
			isa = PBXGroup;
			children = (
				6070F1F41CDBA7E800C944E4 /* AppDelegate.swift */,
				6070F1F61CDBA7E800C944E4 /* ViewController.swift */,
				6070F1F81CDBA7E800C944E4 /* Main.storyboard */,
				6070F1FB1CDBA7E800C944E4 /* Assets.xcassets */,
				6070F1FD1CDBA7E800C944E4 /* LaunchScreen.storyboard */,
				6070F2001CDBA7E800C944E4 /* Info.plist */,
			);
			path = MyToDoList;
			sourceTree = "<group>";
		};
/* End PBXGroup section */

/* Begin PBXNativeTarget section */
		6070F1F01CDBA7E800C944E4 /* MyToDoList */ = {
			isa = PBXNativeTarget;
			buildConfigurationList = 6070F2031CDBA7E800C944E4 /* Build configuration list for PBXNativeTarget "MyToDoList" */;
			buildPhases = (
				6070F1ED1CDBA7E800C944E4 /* Sources */,
				6070F1EE1CDBA7E800C944E4 /* Frameworks */,
				6070F1EF1CDBA7E800C944E4 /* Resources */,
			);
			buildRules = (
			);
			dependencies = (
			);
			name = MyToDoList;
			productName = MyToDoList;
			productReference = 6070F1F11CDBA7E800C944E4 /* MyToDoList.app */;
			productType = "com.apple.product-type.application";
		};
/* End PBXNativeTarget section */

/* Begin PBXProject section */
		6070F1E91CDBA7E800C944E4 /* Project object */ = {
			isa = PBXProject;
			attributes = {
				LastSwiftUpdateCheck = 0720;
				LastUpgradeCheck = 0720;
				ORGANIZATIONNAME = "Satoru Murakami";
				TargetAttributes = {
					6070F1F01CDBA7E800C944E4 = {
						CreatedOnToolsVersion = 7.2;
						DevelopmentTeam = JLFHLJHHST;
					};
				};
			};
			buildConfigurationList = 6070F1EC1CDBA7E800C944E4 /* Build configuration list for PBXProject "MyToDoList" */;
			compatibilityVersion = "Xcode 3.2";
			developmentRegion = English;
			hasScannedForEncodings = 0;
			knownRegions = (
				en,
				Base,
			);
			mainGroup = 6070F1E81CDBA7E800C944E4;
			productRefGroup = 6070F1F21CDBA7E800C944E4 /* Products */;
			projectDirPath = "";
			projectRoot = "";
			targets = (
				6070F1F01CDBA7E800C944E4 /* MyToDoList */,
			);
		};
/* End PBXProject section */

/* Begin PBXResourcesBuildPhase section */
		6070F1EF1CDBA7E800C944E4 /* Resources */ = {
			isa = PBXResourcesBuildPhase;
			buildActionMask = 2147483647;
			files = (
				6070F1FF1CDBA7E800C944E4 /* LaunchScreen.storyboard in Resources */,
				6070F1FC1CDBA7E800C944E4 /* Assets.xcassets in Resources */,
				6070F1FA1CDBA7E800C944E4 /* Main.storyboard in Resources */,
			);
			runOnlyForDeploymentPostprocessing = 0;
		};
/* End PBXResourcesBuildPhase section */

/* Begin PBXSourcesBuildPhase section */
		6070F1ED1CDBA7E800C944E4 /* Sources */ = {
			isa = PBXSourcesBuildPhase;
			buildActionMask = 2147483647;
			files = (
				6070F1F71CDBA7E800C944E4 /* ViewController.swift in Sources */,
				6070F1F51CDBA7E800C944E4 /* AppDelegate.swift in Sources */,
			);
			runOnlyForDeploymentPostprocessing = 0;
		};
/* End PBXSourcesBuildPhase section */

/* Begin PBXVariantGroup section */
		6070F1F81CDBA7E800C944E4 /* Main.storyboard */ = {
			isa = PBXVariantGroup;
			children = (
				6070F1F91CDBA7E800C944E4 /* Base */,
			);
			name = Main.storyboard;
			sourceTree = "<group>";
		};
		6070F1FD1CDBA7E800C944E4 /* LaunchScreen.storyboard */ = {
			isa = PBXVariantGroup;
			children = (
				6070F1FE1CDBA7E800C944E4 /* Base */,
			);
			name = LaunchScreen.storyboard;
			sourceTree = "<group>";
		};
/* End PBXVariantGroup section */

/* Begin XCBuildConfiguration section */
		6070F2011CDBA7E800C944E4 /* Debug */ = {
			isa = XCBuildConfiguration;
			buildSettings = {
				ALWAYS_SEARCH_USER_PATHS = NO;
				CLANG_CXX_LANGUAGE_STANDARD = "gnu++0x";
				CLANG_CXX_LIBRARY = "libc++";
				CLANG_ENABLE_MODULES = YES;
				CLANG_ENABLE_OBJC_ARC = YES;
				CLANG_WARN_BOOL_CONVERSION = YES;
				CLANG_WARN_CONSTANT_CONVERSION = YES;
				CLANG_WARN_DIRECT_OBJC_ISA_USAGE = YES_ERROR;
				CLANG_WARN_EMPTY_BODY = YES;
				CLANG_WARN_ENUM_CONVERSION = YES;
				CLANG_WARN_INT_CONVERSION = YES;
				CLANG_WARN_OBJC_ROOT_CLASS = YES_ERROR;
				CLANG_WARN_UNREACHABLE_CODE = YES;
				CLANG_WARN__DUPLICATE_METHOD_MATCH = YES;
				"CODE_SIGN_IDENTITY[sdk=iphoneos*]" = "iPhone Developer";
				COPY_PHASE_STRIP = NO;
				DEBUG_INFORMATION_FORMAT = dwarf;
				ENABLE_STRICT_OBJC_MSGSEND = YES;
				ENABLE_TESTABILITY = YES;
				GCC_C_LANGUAGE_STANDARD = gnu99;
				GCC_DYNAMIC_NO_PIC = NO;
				GCC_NO_COMMON_BLOCKS = YES;
				GCC_OPTIMIZATION_LEVEL = 0;
				GCC_PREPROCESSOR_DEFINITIONS = (
					"DEBUG=1",
					"$(inherited)",
				);
				GCC_WARN_64_TO_32_BIT_CONVERSION = YES;
				GCC_WARN_ABOUT_RETURN_TYPE = YES_ERROR;
				GCC_WARN_UNDECLARED_SELECTOR = YES;
				GCC_WARN_UNINITIALIZED_AUTOS = YES_AGGRESSIVE;
				GCC_WARN_UNUSED_FUNCTION = YES;
				GCC_WARN_UNUSED_VARIABLE = YES;
				IPHONEOS_DEPLOYMENT_TARGET = 9.2;
				MTL_ENABLE_DEBUG_INFO = YES;
				ONLY_ACTIVE_ARCH = YES;
				SDKROOT = iphoneos;
				SWIFT_OPTIMIZATION_LEVEL = "-Onone";
				TARGETED_DEVICE_FAMILY = "1,2";
			};
			name = Debug;
		};
		6070F2021CDBA7E800C944E4 /* Release */ = {
			isa = XCBuildConfiguration;
			buildSettings = {
				ALWAYS_SEARCH_USER_PATHS = NO;
				CLANG_CXX_LANGUAGE_STANDARD = "gnu++0x";
				CLANG_CXX_LIBRARY = "libc++";
				CLANG_ENABLE_MODULES = YES;
				CLANG_ENABLE_OBJC_ARC = YES;
				CLANG_WARN_BOOL_CONVERSION = YES;
				CLANG_WARN_CONSTANT_CONVERSION = YES;
				CLANG_WARN_DIRECT_OBJC_ISA_USAGE = YES_ERROR;
				CLANG_WARN_EMPTY_BODY = YES;
				CLANG_WARN_ENUM_CONVERSION = YES;
				CLANG_WARN_INT_CONVERSION = YES;
				CLANG_WARN_OBJC_ROOT_CLASS = YES_ERROR;
				CLANG_WARN_UNREACHABLE_CODE = YES;
				CLANG_WARN__DUPLICATE_METHOD_MATCH = YES;
				"CODE_SIGN_IDENTITY[sdk=iphoneos*]" = "iPhone Developer";
				COPY_PHASE_STRIP = NO;
				DEBUG_INFORMATION_FORMAT = "dwarf-with-dsym";
				ENABLE_NS_ASSERTIONS = NO;
				ENABLE_STRICT_OBJC_MSGSEND = YES;
				GCC_C_LANGUAGE_STANDARD = gnu99;
				GCC_NO_COMMON_BLOCKS = YES;
				GCC_WARN_64_TO_32_BIT_CONVERSION = YES;
				GCC_WARN_ABOUT_RETURN_TYPE = YES_ERROR;
				GCC_WARN_UNDECLARED_SELECTOR = YES;
				GCC_WARN_UNINITIALIZED_AUTOS = YES_AGGRESSIVE;
				GCC_WARN_UNUSED_FUNCTION = YES;
				GCC_WARN_UNUSED_VARIABLE = YES;
				IPHONEOS_DEPLOYMENT_TARGET = 9.2;
				MTL_ENABLE_DEBUG_INFO = NO;
				SDKROOT = iphoneos;
				TARGETED_DEVICE_FAMILY = "1,2";
				VALIDATE_PRODUCT = YES;
			};
			name = Release;
		};
		6070F2041CDBA7E800C944E4 /* Debug */ = {
			isa = XCBuildConfiguration;
			buildSettings = {
				ASSETCATALOG_COMPILER_APPICON_NAME = AppIcon;
				CODE_SIGN_IDENTITY = "iPhone Developer";
				INFOPLIST_FILE = MyToDoList/Info.plist;
				LD_RUNPATH_SEARCH_PATHS = "$(inherited) @executable_path/Frameworks";
				PRODUCT_BUNDLE_IDENTIFIER = jp.myapp.MyToDoList;
				PRODUCT_NAME = "$(TARGET_NAME)";
				TARGETED_DEVICE_FAMILY = 1;
			};
			name = Debug;
		};
		6070F2051CDBA7E800C944E4 /* Release */ = {
			isa = XCBuildConfiguration;
			buildSettings = {
				ASSETCATALOG_COMPILER_APPICON_NAME = AppIcon;
				CODE_SIGN_IDENTITY = "iPhone Developer";
				INFOPLIST_FILE = MyToDoList/Info.plist;
				LD_RUNPATH_SEARCH_PATHS = "$(inherited) @executable_path/Frameworks";
				PRODUCT_BUNDLE_IDENTIFIER = jp.myapp.MyToDoList;
				PRODUCT_NAME = "$(TARGET_NAME)";
				TARGETED_DEVICE_FAMILY = 1;
			};
			name = Release;
		};
/* End XCBuildConfiguration section */

/* Begin XCConfigurationList section */
		6070F1EC1CDBA7E800C944E4 /* Build configuration list for PBXProject "MyToDoList" */ = {
			isa = XCConfigurationList;
			buildConfigurations = (
				6070F2011CDBA7E800C944E4 /* Debug */,
				6070F2021CDBA7E800C944E4 /* Release */,
			);
			defaultConfigurationIsVisible = 0;
			defaultConfigurationName = Release;
		};
		6070F2031CDBA7E800C944E4 /* Build configuration list for PBXNativeTarget "MyToDoList" */ = {
			isa = XCConfigurationList;
			buildConfigurations = (
				6070F2041CDBA7E800C944E4 /* Debug */,
				6070F2051CDBA7E800C944E4 /* Release */,
			);
			defaultConfigurationIsVisible = 0;
		};
/* End XCConfigurationList section */
	};
	rootObject = 6070F1E91CDBA7E800C944E4 /* Project object */;
}
