// !$*UTF8*$!
{
	archiveVersion = 1;
	classes = {
	};
	objectVersion = 46;
	objects = {

/* Begin PBXBuildFile section */
		60E741861CA8F6CE0073D32B /* AppDelegate.swift in Sources */ = {isa = PBXBuildFile; fileRef = 60E741851CA8F6CE0073D32B /* AppDelegate.swift */; };
		60E741881CA8F6CE0073D32B /* ViewController.swift in Sources */ = {isa = PBXBuildFile; fileRef = 60E741871CA8F6CE0073D32B /* ViewController.swift */; };
		60E7418B1CA8F6CE0073D32B /* Main.storyboard in Resources */ = {isa = PBXBuildFile; fileRef = 60E741891CA8F6CE0073D32B /* Main.storyboard */; };
		60E7418D1CA8F6CE0073D32B /* Assets.xcassets in Resources */ = {isa = PBXBuildFile; fileRef = 60E7418C1CA8F6CE0073D32B /* Assets.xcassets */; };
		60E741901CA8F6CE0073D32B /* LaunchScreen.storyboard in Resources */ = {isa = PBXBuildFile; fileRef = 60E7418E1CA8F6CE0073D32B /* LaunchScreen.storyboard */; };
		60E7419B1CA8F6CE0073D32B /* twitterTestAppTests.swift in Sources */ = {isa = PBXBuildFile; fileRef = 60E7419A1CA8F6CE0073D32B /* twitterTestAppTests.swift */; };
		60E741A61CA8F6CE0073D32B /* twitterTestAppUITests.swift in Sources */ = {isa = PBXBuildFile; fileRef = 60E741A51CA8F6CE0073D32B /* twitterTestAppUITests.swift */; };
/* End PBXBuildFile section */

/* Begin PBXContainerItemProxy section */
		60E741971CA8F6CE0073D32B /* PBXContainerItemProxy */ = {
			isa = PBXContainerItemProxy;
			containerPortal = 60E7417A1CA8F6CD0073D32B /* Project object */;
			proxyType = 1;
			remoteGlobalIDString = 60E741811CA8F6CE0073D32B;
			remoteInfo = twitterTestApp;
		};
		60E741A21CA8F6CE0073D32B /* PBXContainerItemProxy */ = {
			isa = PBXContainerItemProxy;
			containerPortal = 60E7417A1CA8F6CD0073D32B /* Project object */;
			proxyType = 1;
			remoteGlobalIDString = 60E741811CA8F6CE0073D32B;
			remoteInfo = twitterTestApp;
		};
/* End PBXContainerItemProxy section */

/* Begin PBXFileReference section */
		60E741821CA8F6CE0073D32B /* twitterTestApp.app */ = {isa = PBXFileReference; explicitFileType = wrapper.application; includeInIndex = 0; path = twitterTestApp.app; sourceTree = BUILT_PRODUCTS_DIR; };
		60E741851CA8F6CE0073D32B /* AppDelegate.swift */ = {isa = PBXFileReference; lastKnownFileType = sourcecode.swift; path = AppDelegate.swift; sourceTree = "<group>"; };
		60E741871CA8F6CE0073D32B /* ViewController.swift */ = {isa = PBXFileReference; lastKnownFileType = sourcecode.swift; path = ViewController.swift; sourceTree = "<group>"; };
		60E7418A1CA8F6CE0073D32B /* Base */ = {isa = PBXFileReference; lastKnownFileType = file.storyboard; name = Base; path = Base.lproj/Main.storyboard; sourceTree = "<group>"; };
		60E7418C1CA8F6CE0073D32B /* Assets.xcassets */ = {isa = PBXFileReference; lastKnownFileType = folder.assetcatalog; path = Assets.xcassets; sourceTree = "<group>"; };
		60E7418F1CA8F6CE0073D32B /* Base */ = {isa = PBXFileReference; lastKnownFileType = file.storyboard; name = Base; path = Base.lproj/LaunchScreen.storyboard; sourceTree = "<group>"; };
		60E741911CA8F6CE0073D32B /* Info.plist */ = {isa = PBXFileReference; lastKnownFileType = text.plist.xml; path = Info.plist; sourceTree = "<group>"; };
		60E741961CA8F6CE0073D32B /* twitterTestAppTests.xctest */ = {isa = PBXFileReference; explicitFileType = wrapper.cfbundle; includeInIndex = 0; path = twitterTestAppTests.xctest; sourceTree = BUILT_PRODUCTS_DIR; };
		60E7419A1CA8F6CE0073D32B /* twitterTestAppTests.swift */ = {isa = PBXFileReference; lastKnownFileType = sourcecode.swift; path = twitterTestAppTests.swift; sourceTree = "<group>"; };
		60E7419C1CA8F6CE0073D32B /* Info.plist */ = {isa = PBXFileReference; lastKnownFileType = text.plist.xml; path = Info.plist; sourceTree = "<group>"; };
		60E741A11CA8F6CE0073D32B /* twitterTestAppUITests.xctest */ = {isa = PBXFileReference; explicitFileType = wrapper.cfbundle; includeInIndex = 0; path = twitterTestAppUITests.xctest; sourceTree = BUILT_PRODUCTS_DIR; };
		60E741A51CA8F6CE0073D32B /* twitterTestAppUITests.swift */ = {isa = PBXFileReference; lastKnownFileType = sourcecode.swift; path = twitterTestAppUITests.swift; sourceTree = "<group>"; };
		60E741A71CA8F6CE0073D32B /* Info.plist */ = {isa = PBXFileReference; lastKnownFileType = text.plist.xml; path = Info.plist; sourceTree = "<group>"; };
/* End PBXFileReference section */

/* Begin PBXFrameworksBuildPhase section */
		60E7417F1CA8F6CE0073D32B /* Frameworks */ = {
			isa = PBXFrameworksBuildPhase;
			buildActionMask = 2147483647;
			files = (
			);
			runOnlyForDeploymentPostprocessing = 0;
		};
		60E741931CA8F6CE0073D32B /* Frameworks */ = {
			isa = PBXFrameworksBuildPhase;
			buildActionMask = 2147483647;
			files = (
			);
			runOnlyForDeploymentPostprocessing = 0;
		};
		60E7419E1CA8F6CE0073D32B /* Frameworks */ = {
			isa = PBXFrameworksBuildPhase;
			buildActionMask = 2147483647;
			files = (
			);
			runOnlyForDeploymentPostprocessing = 0;
		};
/* End PBXFrameworksBuildPhase section */

/* Begin PBXGroup section */
		60E741791CA8F6CD0073D32B = {
			isa = PBXGroup;
			children = (
				60E741841CA8F6CE0073D32B /* twitterTestApp */,
				60E741991CA8F6CE0073D32B /* twitterTestAppTests */,
				60E741A41CA8F6CE0073D32B /* twitterTestAppUITests */,
				60E741831CA8F6CE0073D32B /* Products */,
			);
			sourceTree = "<group>";
		};
		60E741831CA8F6CE0073D32B /* Products */ = {
			isa = PBXGroup;
			children = (
				60E741821CA8F6CE0073D32B /* twitterTestApp.app */,
				60E741961CA8F6CE0073D32B /* twitterTestAppTests.xctest */,
				60E741A11CA8F6CE0073D32B /* twitterTestAppUITests.xctest */,
			);
			name = Products;
			sourceTree = "<group>";
		};
		60E741841CA8F6CE0073D32B /* twitterTestApp */ = {
			isa = PBXGroup;
			children = (
				60E741851CA8F6CE0073D32B /* AppDelegate.swift */,
				60E741871CA8F6CE0073D32B /* ViewController.swift */,
				60E741891CA8F6CE0073D32B /* Main.storyboard */,
				60E7418C1CA8F6CE0073D32B /* Assets.xcassets */,
				60E7418E1CA8F6CE0073D32B /* LaunchScreen.storyboard */,
				60E741911CA8F6CE0073D32B /* Info.plist */,
			);
			path = twitterTestApp;
			sourceTree = "<group>";
		};
		60E741991CA8F6CE0073D32B /* twitterTestAppTests */ = {
			isa = PBXGroup;
			children = (
				60E7419A1CA8F6CE0073D32B /* twitterTestAppTests.swift */,
				60E7419C1CA8F6CE0073D32B /* Info.plist */,
			);
			path = twitterTestAppTests;
			sourceTree = "<group>";
		};
		60E741A41CA8F6CE0073D32B /* twitterTestAppUITests */ = {
			isa = PBXGroup;
			children = (
				60E741A51CA8F6CE0073D32B /* twitterTestAppUITests.swift */,
				60E741A71CA8F6CE0073D32B /* Info.plist */,
			);
			path = twitterTestAppUITests;
			sourceTree = "<group>";
		};
/* End PBXGroup section */

/* Begin PBXNativeTarget section */
		60E741811CA8F6CE0073D32B /* twitterTestApp */ = {
			isa = PBXNativeTarget;
			buildConfigurationList = 60E741AA1CA8F6CE0073D32B /* Build configuration list for PBXNativeTarget "twitterTestApp" */;
			buildPhases = (
				60E7417E1CA8F6CE0073D32B /* Sources */,
				60E7417F1CA8F6CE0073D32B /* Frameworks */,
				60E741801CA8F6CE0073D32B /* Resources */,
			);
			buildRules = (
			);
			dependencies = (
			);
			name = twitterTestApp;
			productName = twitterTestApp;
			productReference = 60E741821CA8F6CE0073D32B /* twitterTestApp.app */;
			productType = "com.apple.product-type.application";
		};
		60E741951CA8F6CE0073D32B /* twitterTestAppTests */ = {
			isa = PBXNativeTarget;
			buildConfigurationList = 60E741AD1CA8F6CE0073D32B /* Build configuration list for PBXNativeTarget "twitterTestAppTests" */;
			buildPhases = (
				60E741921CA8F6CE0073D32B /* Sources */,
				60E741931CA8F6CE0073D32B /* Frameworks */,
				60E741941CA8F6CE0073D32B /* Resources */,
			);
			buildRules = (
			);
			dependencies = (
				60E741981CA8F6CE0073D32B /* PBXTargetDependency */,
			);
			name = twitterTestAppTests;
			productName = twitterTestAppTests;
			productReference = 60E741961CA8F6CE0073D32B /* twitterTestAppTests.xctest */;
			productType = "com.apple.product-type.bundle.unit-test";
		};
		60E741A01CA8F6CE0073D32B /* twitterTestAppUITests */ = {
			isa = PBXNativeTarget;
			buildConfigurationList = 60E741B01CA8F6CE0073D32B /* Build configuration list for PBXNativeTarget "twitterTestAppUITests" */;
			buildPhases = (
				60E7419D1CA8F6CE0073D32B /* Sources */,
				60E7419E1CA8F6CE0073D32B /* Frameworks */,
				60E7419F1CA8F6CE0073D32B /* Resources */,
			);
			buildRules = (
			);
			dependencies = (
				60E741A31CA8F6CE0073D32B /* PBXTargetDependency */,
			);
			name = twitterTestAppUITests;
			productName = twitterTestAppUITests;
			productReference = 60E741A11CA8F6CE0073D32B /* twitterTestAppUITests.xctest */;
			productType = "com.apple.product-type.bundle.ui-testing";
		};
/* End PBXNativeTarget section */

/* Begin PBXProject section */
		60E7417A1CA8F6CD0073D32B /* Project object */ = {
			isa = PBXProject;
			attributes = {
				LastSwiftUpdateCheck = 0720;
				LastUpgradeCheck = 0720;
				ORGANIZATIONNAME = "Satoru Murakami";
				TargetAttributes = {
					60E741811CA8F6CE0073D32B = {
						CreatedOnToolsVersion = 7.2;
						DevelopmentTeam = JLFHLJHHST;
					};
					60E741951CA8F6CE0073D32B = {
						CreatedOnToolsVersion = 7.2;
						DevelopmentTeam = JLFHLJHHST;
						TestTargetID = 60E741811CA8F6CE0073D32B;
					};
					60E741A01CA8F6CE0073D32B = {
						CreatedOnToolsVersion = 7.2;
						DevelopmentTeam = JLFHLJHHST;
						TestTargetID = 60E741811CA8F6CE0073D32B;
					};
				};
			};
			buildConfigurationList = 60E7417D1CA8F6CE0073D32B /* Build configuration list for PBXProject "twitterTestApp" */;
			compatibilityVersion = "Xcode 3.2";
			developmentRegion = English;
			hasScannedForEncodings = 0;
			knownRegions = (
				en,
				Base,
			);
			mainGroup = 60E741791CA8F6CD0073D32B;
			productRefGroup = 60E741831CA8F6CE0073D32B /* Products */;
			projectDirPath = "";
			projectRoot = "";
			targets = (
				60E741811CA8F6CE0073D32B /* twitterTestApp */,
				60E741951CA8F6CE0073D32B /* twitterTestAppTests */,
				60E741A01CA8F6CE0073D32B /* twitterTestAppUITests */,
			);
		};
/* End PBXProject section */

/* Begin PBXResourcesBuildPhase section */
		60E741801CA8F6CE0073D32B /* Resources */ = {
			isa = PBXResourcesBuildPhase;
			buildActionMask = 2147483647;
			files = (
				60E741901CA8F6CE0073D32B /* LaunchScreen.storyboard in Resources */,
				60E7418D1CA8F6CE0073D32B /* Assets.xcassets in Resources */,
				60E7418B1CA8F6CE0073D32B /* Main.storyboard in Resources */,
			);
			runOnlyForDeploymentPostprocessing = 0;
		};
		60E741941CA8F6CE0073D32B /* Resources */ = {
			isa = PBXResourcesBuildPhase;
			buildActionMask = 2147483647;
			files = (
			);
			runOnlyForDeploymentPostprocessing = 0;
		};
		60E7419F1CA8F6CE0073D32B /* Resources */ = {
			isa = PBXResourcesBuildPhase;
			buildActionMask = 2147483647;
			files = (
			);
			runOnlyForDeploymentPostprocessing = 0;
		};
/* End PBXResourcesBuildPhase section */

/* Begin PBXSourcesBuildPhase section */
		60E7417E1CA8F6CE0073D32B /* Sources */ = {
			isa = PBXSourcesBuildPhase;
			buildActionMask = 2147483647;
			files = (
				60E741881CA8F6CE0073D32B /* ViewController.swift in Sources */,
				60E741861CA8F6CE0073D32B /* AppDelegate.swift in Sources */,
			);
			runOnlyForDeploymentPostprocessing = 0;
		};
		60E741921CA8F6CE0073D32B /* Sources */ = {
			isa = PBXSourcesBuildPhase;
			buildActionMask = 2147483647;
			files = (
				60E7419B1CA8F6CE0073D32B /* twitterTestAppTests.swift in Sources */,
			);
			runOnlyForDeploymentPostprocessing = 0;
		};
		60E7419D1CA8F6CE0073D32B /* Sources */ = {
			isa = PBXSourcesBuildPhase;
			buildActionMask = 2147483647;
			files = (
				60E741A61CA8F6CE0073D32B /* twitterTestAppUITests.swift in Sources */,
			);
			runOnlyForDeploymentPostprocessing = 0;
		};
/* End PBXSourcesBuildPhase section */

/* Begin PBXTargetDependency section */
		60E741981CA8F6CE0073D32B /* PBXTargetDependency */ = {
			isa = PBXTargetDependency;
			target = 60E741811CA8F6CE0073D32B /* twitterTestApp */;
			targetProxy = 60E741971CA8F6CE0073D32B /* PBXContainerItemProxy */;
		};
		60E741A31CA8F6CE0073D32B /* PBXTargetDependency */ = {
			isa = PBXTargetDependency;
			target = 60E741811CA8F6CE0073D32B /* twitterTestApp */;
			targetProxy = 60E741A21CA8F6CE0073D32B /* PBXContainerItemProxy */;
		};
/* End PBXTargetDependency section */

/* Begin PBXVariantGroup section */
		60E741891CA8F6CE0073D32B /* Main.storyboard */ = {
			isa = PBXVariantGroup;
			children = (
				60E7418A1CA8F6CE0073D32B /* Base */,
			);
			name = Main.storyboard;
			sourceTree = "<group>";
		};
		60E7418E1CA8F6CE0073D32B /* LaunchScreen.storyboard */ = {
			isa = PBXVariantGroup;
			children = (
				60E7418F1CA8F6CE0073D32B /* Base */,
			);
			name = LaunchScreen.storyboard;
			sourceTree = "<group>";
		};
/* End PBXVariantGroup section */

/* Begin XCBuildConfiguration section */
		60E741A81CA8F6CE0073D32B /* Debug */ = {
			isa = XCBuildConfiguration;
			buildSettings = {
				ALWAYS_SEARCH_USER_PATHS = NO;
				CLANG_CXX_LANGUAGE_STANDARD = "gnu++0x";
				CLANG_CXX_LIBRARY = "libc++";
				CLANG_ENABLE_MODULES = YES;
				CLANG_ENABLE_OBJC_ARC = YES;
				CLANG_WARN_BOOL_CONVERSION = YES;
				CLANG_WARN_CONSTANT_CONVERSION = YES;
				CLANG_WARN_DIRECT_OBJC_ISA_USAGE = YES_ERROR;
				CLANG_WARN_EMPTY_BODY = YES;
				CLANG_WARN_ENUM_CONVERSION = YES;
				CLANG_WARN_INT_CONVERSION = YES;
				CLANG_WARN_OBJC_ROOT_CLASS = YES_ERROR;
				CLANG_WARN_UNREACHABLE_CODE = YES;
				CLANG_WARN__DUPLICATE_METHOD_MATCH = YES;
				"CODE_SIGN_IDENTITY[sdk=iphoneos*]" = "iPhone Developer";
				COPY_PHASE_STRIP = NO;
				DEBUG_INFORMATION_FORMAT = dwarf;
				ENABLE_STRICT_OBJC_MSGSEND = YES;
				ENABLE_TESTABILITY = YES;
				GCC_C_LANGUAGE_STANDARD = gnu99;
				GCC_DYNAMIC_NO_PIC = NO;
				GCC_NO_COMMON_BLOCKS = YES;
				GCC_OPTIMIZATION_LEVEL = 0;
				GCC_PREPROCESSOR_DEFINITIONS = (
					"DEBUG=1",
					"$(inherited)",
				);
				GCC_WARN_64_TO_32_BIT_CONVERSION = YES;
				GCC_WARN_ABOUT_RETURN_TYPE = YES_ERROR;
				GCC_WARN_UNDECLARED_SELECTOR = YES;
				GCC_WARN_UNINITIALIZED_AUTOS = YES_AGGRESSIVE;
				GCC_WARN_UNUSED_FUNCTION = YES;
				GCC_WARN_UNUSED_VARIABLE = YES;
				IPHONEOS_DEPLOYMENT_TARGET = 9.2;
				MTL_ENABLE_DEBUG_INFO = YES;
				ONLY_ACTIVE_ARCH = YES;
				SDKROOT = iphoneos;
				SWIFT_OPTIMIZATION_LEVEL = "-Onone";
			};
			name = Debug;
		};
		60E741A91CA8F6CE0073D32B /* Release */ = {
			isa = XCBuildConfiguration;
			buildSettings = {
				ALWAYS_SEARCH_USER_PATHS = NO;
				CLANG_CXX_LANGUAGE_STANDARD = "gnu++0x";
				CLANG_CXX_LIBRARY = "libc++";
				CLANG_ENABLE_MODULES = YES;
				CLANG_ENABLE_OBJC_ARC = YES;
				CLANG_WARN_BOOL_CONVERSION = YES;
				CLANG_WARN_CONSTANT_CONVERSION = YES;
				CLANG_WARN_DIRECT_OBJC_ISA_USAGE = YES_ERROR;
				CLANG_WARN_EMPTY_BODY = YES;
				CLANG_WARN_ENUM_CONVERSION = YES;
				CLANG_WARN_INT_CONVERSION = YES;
				CLANG_WARN_OBJC_ROOT_CLASS = YES_ERROR;
				CLANG_WARN_UNREACHABLE_CODE = YES;
				CLANG_WARN__DUPLICATE_METHOD_MATCH = YES;
				"CODE_SIGN_IDENTITY[sdk=iphoneos*]" = "iPhone Developer";
				COPY_PHASE_STRIP = NO;
				DEBUG_INFORMATION_FORMAT = "dwarf-with-dsym";
				ENABLE_NS_ASSERTIONS = NO;
				ENABLE_STRICT_OBJC_MSGSEND = YES;
				GCC_C_LANGUAGE_STANDARD = gnu99;
				GCC_NO_COMMON_BLOCKS = YES;
				GCC_WARN_64_TO_32_BIT_CONVERSION = YES;
				GCC_WARN_ABOUT_RETURN_TYPE = YES_ERROR;
				GCC_WARN_UNDECLARED_SELECTOR = YES;
				GCC_WARN_UNINITIALIZED_AUTOS = YES_AGGRESSIVE;
				GCC_WARN_UNUSED_FUNCTION = YES;
				GCC_WARN_UNUSED_VARIABLE = YES;
				IPHONEOS_DEPLOYMENT_TARGET = 9.2;
				MTL_ENABLE_DEBUG_INFO = NO;
				SDKROOT = iphoneos;
				VALIDATE_PRODUCT = YES;
			};
			name = Release;
		};
		60E741AB1CA8F6CE0073D32B /* Debug */ = {
			isa = XCBuildConfiguration;
			buildSettings = {
				ASSETCATALOG_COMPILER_APPICON_NAME = AppIcon;
				INFOPLIST_FILE = twitterTestApp/Info.plist;
				LD_RUNPATH_SEARCH_PATHS = "$(inherited) @executable_path/Frameworks";
				PRODUCT_BUNDLE_IDENTIFIER = com.twitterTestApp;
				PRODUCT_NAME = "$(TARGET_NAME)";
			};
			name = Debug;
		};
		60E741AC1CA8F6CE0073D32B /* Release */ = {
			isa = XCBuildConfiguration;
			buildSettings = {
				ASSETCATALOG_COMPILER_APPICON_NAME = AppIcon;
				INFOPLIST_FILE = twitterTestApp/Info.plist;
				LD_RUNPATH_SEARCH_PATHS = "$(inherited) @executable_path/Frameworks";
				PRODUCT_BUNDLE_IDENTIFIER = com.twitterTestApp;
				PRODUCT_NAME = "$(TARGET_NAME)";
			};
			name = Release;
		};
		60E741AE1CA8F6CE0073D32B /* Debug */ = {
			isa = XCBuildConfiguration;
			buildSettings = {
				BUNDLE_LOADER = "$(TEST_HOST)";
				INFOPLIST_FILE = twitterTestAppTests/Info.plist;
				LD_RUNPATH_SEARCH_PATHS = "$(inherited) @executable_path/Frameworks @loader_path/Frameworks";
				PRODUCT_BUNDLE_IDENTIFIER = com.twitterTestAppTests;
				PRODUCT_NAME = "$(TARGET_NAME)";
				TEST_HOST = "$(BUILT_PRODUCTS_DIR)/twitterTestApp.app/twitterTestApp";
			};
			name = Debug;
		};
		60E741AF1CA8F6CE0073D32B /* Release */ = {
			isa = XCBuildConfiguration;
			buildSettings = {
				BUNDLE_LOADER = "$(TEST_HOST)";
				INFOPLIST_FILE = twitterTestAppTests/Info.plist;
				LD_RUNPATH_SEARCH_PATHS = "$(inherited) @executable_path/Frameworks @loader_path/Frameworks";
				PRODUCT_BUNDLE_IDENTIFIER = com.twitterTestAppTests;
				PRODUCT_NAME = "$(TARGET_NAME)";
				TEST_HOST = "$(BUILT_PRODUCTS_DIR)/twitterTestApp.app/twitterTestApp";
			};
			name = Release;
		};
		60E741B11CA8F6CE0073D32B /* Debug */ = {
			isa = XCBuildConfiguration;
			buildSettings = {
				INFOPLIST_FILE = twitterTestAppUITests/Info.plist;
				LD_RUNPATH_SEARCH_PATHS = "$(inherited) @executable_path/Frameworks @loader_path/Frameworks";
				PRODUCT_BUNDLE_IDENTIFIER = com.twitterTestAppUITests;
				PRODUCT_NAME = "$(TARGET_NAME)";
				TEST_TARGET_NAME = twitterTestApp;
				USES_XCTRUNNER = YES;
			};
			name = Debug;
		};
		60E741B21CA8F6CE0073D32B /* Release */ = {
			isa = XCBuildConfiguration;
			buildSettings = {
				INFOPLIST_FILE = twitterTestAppUITests/Info.plist;
				LD_RUNPATH_SEARCH_PATHS = "$(inherited) @executable_path/Frameworks @loader_path/Frameworks";
				PRODUCT_BUNDLE_IDENTIFIER = com.twitterTestAppUITests;
				PRODUCT_NAME = "$(TARGET_NAME)";
				TEST_TARGET_NAME = twitterTestApp;
				USES_XCTRUNNER = YES;
			};
			name = Release;
		};
/* End XCBuildConfiguration section */

/* Begin XCConfigurationList section */
		60E7417D1CA8F6CE0073D32B /* Build configuration list for PBXProject "twitterTestApp" */ = {
			isa = XCConfigurationList;
			buildConfigurations = (
				60E741A81CA8F6CE0073D32B /* Debug */,
				60E741A91CA8F6CE0073D32B /* Release */,
			);
			defaultConfigurationIsVisible = 0;
			defaultConfigurationName = Release;
		};
		60E741AA1CA8F6CE0073D32B /* Build configuration list for PBXNativeTarget "twitterTestApp" */ = {
			isa = XCConfigurationList;
			buildConfigurations = (
				60E741AB1CA8F6CE0073D32B /* Debug */,
				60E741AC1CA8F6CE0073D32B /* Release */,
			);
			defaultConfigurationIsVisible = 0;
		};
		60E741AD1CA8F6CE0073D32B /* Build configuration list for PBXNativeTarget "twitterTestAppTests" */ = {
			isa = XCConfigurationList;
			buildConfigurations = (
				60E741AE1CA8F6CE0073D32B /* Debug */,
				60E741AF1CA8F6CE0073D32B /* Release */,
			);
			defaultConfigurationIsVisible = 0;
		};
		60E741B01CA8F6CE0073D32B /* Build configuration list for PBXNativeTarget "twitterTestAppUITests" */ = {
			isa = XCConfigurationList;
			buildConfigurations = (
				60E741B11CA8F6CE0073D32B /* Debug */,
				60E741B21CA8F6CE0073D32B /* Release */,
			);
			defaultConfigurationIsVisible = 0;
		};
/* End XCConfigurationList section */
	};
	rootObject = 60E7417A1CA8F6CD0073D32B /* Project object */;
}
